// !$*UTF8*$!
{
	archiveVersion = 1;
	classes = {
	};
	objectVersion = 56;
	objects = {

/* Begin PBXBuildFile section */
		042E18452B0AA70500919ADA /* MainItemViewCell.swift in Sources */ = {isa = PBXBuildFile; fileRef = 042E182F2B0AA70400919ADA /* MainItemViewCell.swift */; };
		042E18462B0AA70500919ADA /* DataService.swift in Sources */ = {isa = PBXBuildFile; fileRef = 042E18312B0AA70400919ADA /* DataService.swift */; };
		042E18472B0AA70500919ADA /* NetworkManager.swift in Sources */ = {isa = PBXBuildFile; fileRef = 042E18322B0AA70400919ADA /* NetworkManager.swift */; };
		042E18482B0AA70500919ADA /* Utilities.swift in Sources */ = {isa = PBXBuildFile; fileRef = 042E18342B0AA70400919ADA /* Utilities.swift */; };
		042E18492B0AA70500919ADA /* FruitAddViewController.swift in Sources */ = {isa = PBXBuildFile; fileRef = 042E18362B0AA70500919ADA /* FruitAddViewController.swift */; };
		042E184A2B0AA70500919ADA /* MainViewController.swift in Sources */ = {isa = PBXBuildFile; fileRef = 042E18372B0AA70500919ADA /* MainViewController.swift */; };
		042E184B2B0AA70500919ADA /* Assets.xcassets in Resources */ = {isa = PBXBuildFile; fileRef = 042E18392B0AA70500919ADA /* Assets.xcassets */; };
		042E184C2B0AA70500919ADA /* LaunchScreen.storyboard in Resources */ = {isa = PBXBuildFile; fileRef = 042E183B2B0AA70500919ADA /* LaunchScreen.storyboard */; };
		042E184D2B0AA70500919ADA /* Main.storyboard in Resources */ = {isa = PBXBuildFile; fileRef = 042E183D2B0AA70500919ADA /* Main.storyboard */; };
		042E184E2B0AA70500919ADA /* AppDelegate.swift in Sources */ = {isa = PBXBuildFile; fileRef = 042E18402B0AA70500919ADA /* AppDelegate.swift */; };
		042E18502B0AA70500919ADA /* SceneDelegate.swift in Sources */ = {isa = PBXBuildFile; fileRef = 042E18422B0AA70500919ADA /* SceneDelegate.swift */; };
		042E18512B0AA70500919ADA /* Models.swift in Sources */ = {isa = PBXBuildFile; fileRef = 042E18442B0AA70500919ADA /* Models.swift */; };
		042E18542B0AA72600919ADA /* Alamofire in Frameworks */ = {isa = PBXBuildFile; productRef = 042E18532B0AA72600919ADA /* Alamofire */; };
/* End PBXBuildFile section */

/* Begin PBXFileReference section */
		042E18172B0AA6F100919ADA /* HS-3.4-DY.app */ = {isa = PBXFileReference; explicitFileType = wrapper.application; includeInIndex = 0; path = "HS-3.4-DY.app"; sourceTree = BUILT_PRODUCTS_DIR; };
		042E18282B0AA6F300919ADA /* Info.plist */ = {isa = PBXFileReference; lastKnownFileType = text.plist.xml; path = Info.plist; sourceTree = "<group>"; };
		042E182F2B0AA70400919ADA /* MainItemViewCell.swift */ = {isa = PBXFileReference; fileEncoding = 4; lastKnownFileType = sourcecode.swift; path = MainItemViewCell.swift; sourceTree = "<group>"; };
		042E18312B0AA70400919ADA /* DataService.swift */ = {isa = PBXFileReference; fileEncoding = 4; lastKnownFileType = sourcecode.swift; path = DataService.swift; sourceTree = "<group>"; };
		042E18322B0AA70400919ADA /* NetworkManager.swift */ = {isa = PBXFileReference; fileEncoding = 4; lastKnownFileType = sourcecode.swift; path = NetworkManager.swift; sourceTree = "<group>"; };
		042E18342B0AA70400919ADA /* Utilities.swift */ = {isa = PBXFileReference; fileEncoding = 4; lastKnownFileType = sourcecode.swift; path = Utilities.swift; sourceTree = "<group>"; };
		042E18362B0AA70500919ADA /* FruitAddViewController.swift */ = {isa = PBXFileReference; fileEncoding = 4; lastKnownFileType = sourcecode.swift; path = FruitAddViewController.swift; sourceTree = "<group>"; };
		042E18372B0AA70500919ADA /* MainViewController.swift */ = {isa = PBXFileReference; fileEncoding = 4; lastKnownFileType = sourcecode.swift; path = MainViewController.swift; sourceTree = "<group>"; };
		042E18392B0AA70500919ADA /* Assets.xcassets */ = {isa = PBXFileReference; lastKnownFileType = folder.assetcatalog; path = Assets.xcassets; sourceTree = "<group>"; };
		042E183C2B0AA70500919ADA /* Base */ = {isa = PBXFileReference; lastKnownFileType = file.storyboard; name = Base; path = Base.lproj/LaunchScreen.storyboard; sourceTree = "<group>"; };
		042E183E2B0AA70500919ADA /* Base */ = {isa = PBXFileReference; lastKnownFileType = file.storyboard; name = Base; path = Base.lproj/Main.storyboard; sourceTree = "<group>"; };
		042E18402B0AA70500919ADA /* AppDelegate.swift */ = {isa = PBXFileReference; fileEncoding = 4; lastKnownFileType = sourcecode.swift; path = AppDelegate.swift; sourceTree = "<group>"; };
		042E18422B0AA70500919ADA /* SceneDelegate.swift */ = {isa = PBXFileReference; fileEncoding = 4; lastKnownFileType = sourcecode.swift; path = SceneDelegate.swift; sourceTree = "<group>"; };
		042E18442B0AA70500919ADA /* Models.swift */ = {isa = PBXFileReference; fileEncoding = 4; lastKnownFileType = sourcecode.swift; path = Models.swift; sourceTree = "<group>"; };
/* End PBXFileReference section */

/* Begin PBXFrameworksBuildPhase section */
		042E18142B0AA6F100919ADA /* Frameworks */ = {
			isa = PBXFrameworksBuildPhase;
			buildActionMask = 2147483647;
			files = (
				042E18542B0AA72600919ADA /* Alamofire in Frameworks */,
			);
			runOnlyForDeploymentPostprocessing = 0;
		};
/* End PBXFrameworksBuildPhase section */

/* Begin PBXGroup section */
		042E180E2B0AA6F100919ADA = {
			isa = PBXGroup;
			children = (
				042E18192B0AA6F100919ADA /* HS-3.4-DY */,
				042E18182B0AA6F100919ADA /* Products */,
			);
			sourceTree = "<group>";
		};
		042E18182B0AA6F100919ADA /* Products */ = {
			isa = PBXGroup;
			children = (
				042E18172B0AA6F100919ADA /* HS-3.4-DY.app */,
			);
			name = Products;
			sourceTree = "<group>";
		};
		042E18192B0AA6F100919ADA /* HS-3.4-DY */ = {
			isa = PBXGroup;
			children = (
				042E183F2B0AA70500919ADA /* App */,
				042E18432B0AA70500919ADA /* Models */,
				042E18382B0AA70500919ADA /* Resources */,
				042E18302B0AA70400919ADA /* Services */,
				042E183A2B0AA70500919ADA /* Storyboards */,
				042E18332B0AA70400919ADA /* Utilities */,
				042E18352B0AA70500919ADA /* ViewControllers */,
				042E182E2B0AA70400919ADA /* Views */,
			);
			path = "HS-3.4-DY";
			sourceTree = "<group>";
		};
		042E182E2B0AA70400919ADA /* Views */ = {
			isa = PBXGroup;
			children = (
				042E182F2B0AA70400919ADA /* MainItemViewCell.swift */,
			);
			path = Views;
			sourceTree = "<group>";
		};
		042E18302B0AA70400919ADA /* Services */ = {
			isa = PBXGroup;
			children = (
				042E18312B0AA70400919ADA /* DataService.swift */,
				042E18322B0AA70400919ADA /* NetworkManager.swift */,
			);
			path = Services;
			sourceTree = "<group>";
		};
		042E18332B0AA70400919ADA /* Utilities */ = {
			isa = PBXGroup;
			children = (
				042E18342B0AA70400919ADA /* Utilities.swift */,
			);
			path = Utilities;
			sourceTree = "<group>";
		};
		042E18352B0AA70500919ADA /* ViewControllers */ = {
			isa = PBXGroup;
			children = (
				042E18362B0AA70500919ADA /* FruitAddViewController.swift */,
				042E18372B0AA70500919ADA /* MainViewController.swift */,
			);
			path = ViewControllers;
			sourceTree = "<group>";
		};
		042E18382B0AA70500919ADA /* Resources */ = {
			isa = PBXGroup;
			children = (
				042E18392B0AA70500919ADA /* Assets.xcassets */,
			);
			path = Resources;
			sourceTree = "<group>";
		};
		042E183A2B0AA70500919ADA /* Storyboards */ = {
			isa = PBXGroup;
			children = (
				042E183B2B0AA70500919ADA /* LaunchScreen.storyboard */,
				042E183D2B0AA70500919ADA /* Main.storyboard */,
			);
			path = Storyboards;
			sourceTree = "<group>";
		};
		042E183F2B0AA70500919ADA /* App */ = {
			isa = PBXGroup;
			children = (
				042E18282B0AA6F300919ADA /* Info.plist */,
				042E18402B0AA70500919ADA /* AppDelegate.swift */,
				042E18422B0AA70500919ADA /* SceneDelegate.swift */,
			);
			path = App;
			sourceTree = "<group>";
		};
		042E18432B0AA70500919ADA /* Models */ = {
			isa = PBXGroup;
			children = (
				042E18442B0AA70500919ADA /* Models.swift */,
			);
			path = Models;
			sourceTree = "<group>";
		};
/* End PBXGroup section */

/* Begin PBXNativeTarget section */
		042E18162B0AA6F100919ADA /* HS-3.4-DY */ = {
			isa = PBXNativeTarget;
			buildConfigurationList = 042E182B2B0AA6F300919ADA /* Build configuration list for PBXNativeTarget "HS-3.4-DY" */;
			buildPhases = (
				042E18132B0AA6F100919ADA /* Sources */,
				042E18142B0AA6F100919ADA /* Frameworks */,
				042E18152B0AA6F100919ADA /* Resources */,
			);
			buildRules = (
			);
			dependencies = (
			);
			name = "HS-3.4-DY";
			packageProductDependencies = (
				042E18532B0AA72600919ADA /* Alamofire */,
			);
			productName = "HS-3.4-DY";
			productReference = 042E18172B0AA6F100919ADA /* HS-3.4-DY.app */;
			productType = "com.apple.product-type.application";
		};
/* End PBXNativeTarget section */

/* Begin PBXProject section */
		042E180F2B0AA6F100919ADA /* Project object */ = {
			isa = PBXProject;
			attributes = {
				BuildIndependentTargetsInParallel = 1;
				LastSwiftUpdateCheck = 1500;
				LastUpgradeCheck = 1500;
				TargetAttributes = {
					042E18162B0AA6F100919ADA = {
						CreatedOnToolsVersion = 15.0.1;
					};
				};
			};
			buildConfigurationList = 042E18122B0AA6F100919ADA /* Build configuration list for PBXProject "HS-3.4-DY" */;
			compatibilityVersion = "Xcode 14.0";
			developmentRegion = en;
			hasScannedForEncodings = 0;
			knownRegions = (
				en,
				Base,
			);
			mainGroup = 042E180E2B0AA6F100919ADA;
			packageReferences = (
				042E18522B0AA72600919ADA /* XCRemoteSwiftPackageReference "Alamofire" */,
			);
			productRefGroup = 042E18182B0AA6F100919ADA /* Products */;
			projectDirPath = "";
			projectRoot = "";
			targets = (
				042E18162B0AA6F100919ADA /* HS-3.4-DY */,
			);
		};
/* End PBXProject section */

/* Begin PBXResourcesBuildPhase section */
		042E18152B0AA6F100919ADA /* Resources */ = {
			isa = PBXResourcesBuildPhase;
			buildActionMask = 2147483647;
			files = (
				042E184D2B0AA70500919ADA /* Main.storyboard in Resources */,
				042E184B2B0AA70500919ADA /* Assets.xcassets in Resources */,
				042E184C2B0AA70500919ADA /* LaunchScreen.storyboard in Resources */,
			);
			runOnlyForDeploymentPostprocessing = 0;
		};
/* End PBXResourcesBuildPhase section */

/* Begin PBXSourcesBuildPhase section */
		042E18132B0AA6F100919ADA /* Sources */ = {
			isa = PBXSourcesBuildPhase;
			buildActionMask = 2147483647;
			files = (
				042E18472B0AA70500919ADA /* NetworkManager.swift in Sources */,
				042E18452B0AA70500919ADA /* MainItemViewCell.swift in Sources */,
				042E18482B0AA70500919ADA /* Utilities.swift in Sources */,
				042E184A2B0AA70500919ADA /* MainViewController.swift in Sources */,
				042E184E2B0AA70500919ADA /* AppDelegate.swift in Sources */,
				042E18492B0AA70500919ADA /* FruitAddViewController.swift in Sources */,
				042E18512B0AA70500919ADA /* Models.swift in Sources */,
				042E18462B0AA70500919ADA /* DataService.swift in Sources */,
				042E18502B0AA70500919ADA /* SceneDelegate.swift in Sources */,
			);
			runOnlyForDeploymentPostprocessing = 0;
		};
/* End PBXSourcesBuildPhase section */

/* Begin PBXVariantGroup section */
		042E183B2B0AA70500919ADA /* LaunchScreen.storyboard */ = {
			isa = PBXVariantGroup;
			children = (
				042E183C2B0AA70500919ADA /* Base */,
			);
			name = LaunchScreen.storyboard;
			sourceTree = "<group>";
		};
		042E183D2B0AA70500919ADA /* Main.storyboard */ = {
			isa = PBXVariantGroup;
			children = (
				042E183E2B0AA70500919ADA /* Base */,
			);
			name = Main.storyboard;
			sourceTree = "<group>";
		};
/* End PBXVariantGroup section */

/* Begin XCBuildConfiguration section */
		042E18292B0AA6F300919ADA /* Debug */ = {
			isa = XCBuildConfiguration;
			buildSettings = {
				ALWAYS_SEARCH_USER_PATHS = NO;
				ASSETCATALOG_COMPILER_GENERATE_SWIFT_ASSET_SYMBOL_EXTENSIONS = YES;
				CLANG_ANALYZER_NONNULL = YES;
				CLANG_ANALYZER_NUMBER_OBJECT_CONVERSION = YES_AGGRESSIVE;
				CLANG_CXX_LANGUAGE_STANDARD = "gnu++20";
				CLANG_ENABLE_MODULES = YES;
				CLANG_ENABLE_OBJC_ARC = YES;
				CLANG_ENABLE_OBJC_WEAK = YES;
				CLANG_WARN_BLOCK_CAPTURE_AUTORELEASING = YES;
				CLANG_WARN_BOOL_CONVERSION = YES;
				CLANG_WARN_COMMA = YES;
				CLANG_WARN_CONSTANT_CONVERSION = YES;
				CLANG_WARN_DEPRECATED_OBJC_IMPLEMENTATIONS = YES;
				CLANG_WARN_DIRECT_OBJC_ISA_USAGE = YES_ERROR;
				CLANG_WARN_DOCUMENTATION_COMMENTS = YES;
				CLANG_WARN_EMPTY_BODY = YES;
				CLANG_WARN_ENUM_CONVERSION = YES;
				CLANG_WARN_INFINITE_RECURSION = YES;
				CLANG_WARN_INT_CONVERSION = YES;
				CLANG_WARN_NON_LITERAL_NULL_CONVERSION = YES;
				CLANG_WARN_OBJC_IMPLICIT_RETAIN_SELF = YES;
				CLANG_WARN_OBJC_LITERAL_CONVERSION = YES;
				CLANG_WARN_OBJC_ROOT_CLASS = YES_ERROR;
				CLANG_WARN_QUOTED_INCLUDE_IN_FRAMEWORK_HEADER = YES;
				CLANG_WARN_RANGE_LOOP_ANALYSIS = YES;
				CLANG_WARN_STRICT_PROTOTYPES = YES;
				CLANG_WARN_SUSPICIOUS_MOVE = YES;
				CLANG_WARN_UNGUARDED_AVAILABILITY = YES_AGGRESSIVE;
				CLANG_WARN_UNREACHABLE_CODE = YES;
				CLANG_WARN__DUPLICATE_METHOD_MATCH = YES;
				COPY_PHASE_STRIP = NO;
				DEBUG_INFORMATION_FORMAT = dwarf;
				ENABLE_STRICT_OBJC_MSGSEND = YES;
				ENABLE_TESTABILITY = YES;
				ENABLE_USER_SCRIPT_SANDBOXING = YES;
				GCC_C_LANGUAGE_STANDARD = gnu17;
				GCC_DYNAMIC_NO_PIC = NO;
				GCC_NO_COMMON_BLOCKS = YES;
				GCC_OPTIMIZATION_LEVEL = 0;
				GCC_PREPROCESSOR_DEFINITIONS = (
					"DEBUG=1",
					"$(inherited)",
				);
				GCC_WARN_64_TO_32_BIT_CONVERSION = YES;
				GCC_WARN_ABOUT_RETURN_TYPE = YES_ERROR;
				GCC_WARN_UNDECLARED_SELECTOR = YES;
				GCC_WARN_UNINITIALIZED_AUTOS = YES_AGGRESSIVE;
				GCC_WARN_UNUSED_FUNCTION = YES;
				GCC_WARN_UNUSED_VARIABLE = YES;
				IPHONEOS_DEPLOYMENT_TARGET = 17.0;
				LOCALIZATION_PREFERS_STRING_CATALOGS = YES;
				MTL_ENABLE_DEBUG_INFO = INCLUDE_SOURCE;
				MTL_FAST_MATH = YES;
				ONLY_ACTIVE_ARCH = YES;
				SDKROOT = iphoneos;
				SWIFT_ACTIVE_COMPILATION_CONDITIONS = "DEBUG $(inherited)";
				SWIFT_OPTIMIZATION_LEVEL = "-Onone";
			};
			name = Debug;
		};
		042E182A2B0AA6F300919ADA /* Release */ = {
			isa = XCBuildConfiguration;
			buildSettings = {
				ALWAYS_SEARCH_USER_PATHS = NO;
				ASSETCATALOG_COMPILER_GENERATE_SWIFT_ASSET_SYMBOL_EXTENSIONS = YES;
				CLANG_ANALYZER_NONNULL = YES;
				CLANG_ANALYZER_NUMBER_OBJECT_CONVERSION = YES_AGGRESSIVE;
				CLANG_CXX_LANGUAGE_STANDARD = "gnu++20";
				CLANG_ENABLE_MODULES = YES;
				CLANG_ENABLE_OBJC_ARC = YES;
				CLANG_ENABLE_OBJC_WEAK = YES;
				CLANG_WARN_BLOCK_CAPTURE_AUTORELEASING = YES;
				CLANG_WARN_BOOL_CONVERSION = YES;
				CLANG_WARN_COMMA = YES;
				CLANG_WARN_CONSTANT_CONVERSION = YES;
				CLANG_WARN_DEPRECATED_OBJC_IMPLEMENTATIONS = YES;
				CLANG_WARN_DIRECT_OBJC_ISA_USAGE = YES_ERROR;
				CLANG_WARN_DOCUMENTATION_COMMENTS = YES;
				CLANG_WARN_EMPTY_BODY = YES;
				CLANG_WARN_ENUM_CONVERSION = YES;
				CLANG_WARN_INFINITE_RECURSION = YES;
				CLANG_WARN_INT_CONVERSION = YES;
				CLANG_WARN_NON_LITERAL_NULL_CONVERSION = YES;
				CLANG_WARN_OBJC_IMPLICIT_RETAIN_SELF = YES;
				CLANG_WARN_OBJC_LITERAL_CONVERSION = YES;
				CLANG_WARN_OBJC_ROOT_CLASS = YES_ERROR;
				CLANG_WARN_QUOTED_INCLUDE_IN_FRAMEWORK_HEADER = YES;
				CLANG_WARN_RANGE_LOOP_ANALYSIS = YES;
				CLANG_WARN_STRICT_PROTOTYPES = YES;
				CLANG_WARN_SUSPICIOUS_MOVE = YES;
				CLANG_WARN_UNGUARDED_AVAILABILITY = YES_AGGRESSIVE;
				CLANG_WARN_UNREACHABLE_CODE = YES;
				CLANG_WARN__DUPLICATE_METHOD_MATCH = YES;
				COPY_PHASE_STRIP = NO;
				DEBUG_INFORMATION_FORMAT = "dwarf-with-dsym";
				ENABLE_NS_ASSERTIONS = NO;
				ENABLE_STRICT_OBJC_MSGSEND = YES;
				ENABLE_USER_SCRIPT_SANDBOXING = YES;
				GCC_C_LANGUAGE_STANDARD = gnu17;
				GCC_NO_COMMON_BLOCKS = YES;
				GCC_WARN_64_TO_32_BIT_CONVERSION = YES;
				GCC_WARN_ABOUT_RETURN_TYPE = YES_ERROR;
				GCC_WARN_UNDECLARED_SELECTOR = YES;
				GCC_WARN_UNINITIALIZED_AUTOS = YES_AGGRESSIVE;
				GCC_WARN_UNUSED_FUNCTION = YES;
				GCC_WARN_UNUSED_VARIABLE = YES;
				IPHONEOS_DEPLOYMENT_TARGET = 17.0;
				LOCALIZATION_PREFERS_STRING_CATALOGS = YES;
				MTL_ENABLE_DEBUG_INFO = NO;
				MTL_FAST_MATH = YES;
				SDKROOT = iphoneos;
				SWIFT_COMPILATION_MODE = wholemodule;
				VALIDATE_PRODUCT = YES;
			};
			name = Release;
		};
		042E182C2B0AA6F300919ADA /* Debug */ = {
			isa = XCBuildConfiguration;
			buildSettings = {
				ASSETCATALOG_COMPILER_APPICON_NAME = AppIcon;
				ASSETCATALOG_COMPILER_GLOBAL_ACCENT_COLOR_NAME = AccentColor;
				CODE_SIGN_STYLE = Automatic;
				CURRENT_PROJECT_VERSION = 1;
				DEVELOPMENT_TEAM = VDM65QNNS4;
				GENERATE_INFOPLIST_FILE = YES;
				INFOPLIST_FILE = "HS-3.4-DY/App/Info.plist";
				INFOPLIST_KEY_UIApplicationSupportsIndirectInputEvents = YES;
				INFOPLIST_KEY_UILaunchStoryboardName = LaunchScreen;
				INFOPLIST_KEY_UIMainStoryboardFile = Main;
				INFOPLIST_KEY_UISupportedInterfaceOrientations_iPad = "UIInterfaceOrientationPortrait UIInterfaceOrientationPortraitUpsideDown UIInterfaceOrientationLandscapeLeft UIInterfaceOrientationLandscapeRight";
				INFOPLIST_KEY_UISupportedInterfaceOrientations_iPhone = "UIInterfaceOrientationPortrait UIInterfaceOrientationLandscapeLeft UIInterfaceOrientationLandscapeRight";
				LD_RUNPATH_SEARCH_PATHS = (
					"$(inherited)",
					"@executable_path/Frameworks",
				);
				MARKETING_VERSION = 1.0;
				PRODUCT_BUNDLE_IDENTIFIER = "com.Denis-Yarets.HS-3-4-DY";
				PRODUCT_NAME = "$(TARGET_NAME)";
				SWIFT_EMIT_LOC_STRINGS = YES;
				SWIFT_VERSION = 5.0;
				TARGETED_DEVICE_FAMILY = "1,2";
			};
			name = Debug;
		};
		042E182D2B0AA6F300919ADA /* Release */ = {
			isa = XCBuildConfiguration;
			buildSettings = {
				ASSETCATALOG_COMPILER_APPICON_NAME = AppIcon;
				ASSETCATALOG_COMPILER_GLOBAL_ACCENT_COLOR_NAME = AccentColor;
				CODE_SIGN_STYLE = Automatic;
				CURRENT_PROJECT_VERSION = 1;
				DEVELOPMENT_TEAM = VDM65QNNS4;
				GENERATE_INFOPLIST_FILE = YES;
				INFOPLIST_FILE = "HS-3.4-DY/App/Info.plist";
				INFOPLIST_KEY_UIApplicationSupportsIndirectInputEvents = YES;
				INFOPLIST_KEY_UILaunchStoryboardName = LaunchScreen;
				INFOPLIST_KEY_UIMainStoryboardFile = Main;
				INFOPLIST_KEY_UISupportedInterfaceOrientations_iPad = "UIInterfaceOrientationPortrait UIInterfaceOrientationPortraitUpsideDown UIInterfaceOrientationLandscapeLeft UIInterfaceOrientationLandscapeRight";
				INFOPLIST_KEY_UISupportedInterfaceOrientations_iPhone = "UIInterfaceOrientationPortrait UIInterfaceOrientationLandscapeLeft UIInterfaceOrientationLandscapeRight";
				LD_RUNPATH_SEARCH_PATHS = (
					"$(inherited)",
					"@executable_path/Frameworks",
				);
				MARKETING_VERSION = 1.0;
				PRODUCT_BUNDLE_IDENTIFIER = "com.Denis-Yarets.HS-3-4-DY";
				PRODUCT_NAME = "$(TARGET_NAME)";
				SWIFT_EMIT_LOC_STRINGS = YES;
				SWIFT_VERSION = 5.0;
				TARGETED_DEVICE_FAMILY = "1,2";
			};
			name = Release;
		};
/* End XCBuildConfiguration section */

/* Begin XCConfigurationList section */
		042E18122B0AA6F100919ADA /* Build configuration list for PBXProject "HS-3.4-DY" */ = {
			isa = XCConfigurationList;
			buildConfigurations = (
				042E18292B0AA6F300919ADA /* Debug */,
				042E182A2B0AA6F300919ADA /* Release */,
			);
			defaultConfigurationIsVisible = 0;
			defaultConfigurationName = Release;
		};
		042E182B2B0AA6F300919ADA /* Build configuration list for PBXNativeTarget "HS-3.4-DY" */ = {
			isa = XCConfigurationList;
			buildConfigurations = (
				042E182C2B0AA6F300919ADA /* Debug */,
				042E182D2B0AA6F300919ADA /* Release */,
			);
			defaultConfigurationIsVisible = 0;
			defaultConfigurationName = Release;
		};
/* End XCConfigurationList section */

/* Begin XCRemoteSwiftPackageReference section */
		042E18522B0AA72600919ADA /* XCRemoteSwiftPackageReference "Alamofire" */ = {
			isa = XCRemoteSwiftPackageReference;
			repositoryURL = "https://github.com/Alamofire/Alamofire";
			requirement = {
				kind = upToNextMajorVersion;
				minimumVersion = 5.8.1;
			};
		};
/* End XCRemoteSwiftPackageReference section */

/* Begin XCSwiftPackageProductDependency section */
		042E18532B0AA72600919ADA /* Alamofire */ = {
			isa = XCSwiftPackageProductDependency;
			package = 042E18522B0AA72600919ADA /* XCRemoteSwiftPackageReference "Alamofire" */;
			productName = Alamofire;
		};
/* End XCSwiftPackageProductDependency section */
	};
	rootObject = 042E180F2B0AA6F100919ADA /* Project object */;
}
